// !$*UTF8*$!
{
	archiveVersion = 1;
	classes = {
	};
	objectVersion = 46;
	objects = {

/* Begin PBXBuildFile section */
		4C880FBE18C15E3D00241954 /* Foundation.framework in Frameworks */ = {isa = PBXBuildFile; fileRef = 4C880FBD18C15E3D00241954 /* Foundation.framework */; };
		4C880FC018C15E3D00241954 /* CoreGraphics.framework in Frameworks */ = {isa = PBXBuildFile; fileRef = 4C880FBF18C15E3D00241954 /* CoreGraphics.framework */; };
		4C880FC218C15E3D00241954 /* UIKit.framework in Frameworks */ = {isa = PBXBuildFile; fileRef = 4C880FC118C15E3D00241954 /* UIKit.framework */; };
		4C880FC818C15E3D00241954 /* InfoPlist.strings in Resources */ = {isa = PBXBuildFile; fileRef = 4C880FC618C15E3D00241954 /* InfoPlist.strings */; };
		4C880FCA18C15E3D00241954 /* main.m in Sources */ = {isa = PBXBuildFile; fileRef = 4C880FC918C15E3D00241954 /* main.m */; };
		4C880FCE18C15E3D00241954 /* PKTAppDelegate.m in Sources */ = {isa = PBXBuildFile; fileRef = 4C880FCD18C15E3D00241954 /* PKTAppDelegate.m */; };
		4C880FD118C15E3D00241954 /* Main.storyboard in Resources */ = {isa = PBXBuildFile; fileRef = 4C880FCF18C15E3D00241954 /* Main.storyboard */; };
		4C880FD418C15E3D00241954 /* PKTViewController.m in Sources */ = {isa = PBXBuildFile; fileRef = 4C880FD318C15E3D00241954 /* PKTViewController.m */; };
		4C880FD618C15E3D00241954 /* Images.xcassets in Resources */ = {isa = PBXBuildFile; fileRef = 4C880FD518C15E3D00241954 /* Images.xcassets */; };
		4C880FDD18C15E3D00241954 /* XCTest.framework in Frameworks */ = {isa = PBXBuildFile; fileRef = 4C880FDC18C15E3D00241954 /* XCTest.framework */; };
		4C880FDE18C15E3D00241954 /* Foundation.framework in Frameworks */ = {isa = PBXBuildFile; fileRef = 4C880FBD18C15E3D00241954 /* Foundation.framework */; };
		4C880FDF18C15E3D00241954 /* UIKit.framework in Frameworks */ = {isa = PBXBuildFile; fileRef = 4C880FC118C15E3D00241954 /* UIKit.framework */; };
		4C880FE718C15E3D00241954 /* InfoPlist.strings in Resources */ = {isa = PBXBuildFile; fileRef = 4C880FE518C15E3D00241954 /* InfoPlist.strings */; };
		4C880FE918C15E3D00241954 /* PacktTests.m in Sources */ = {isa = PBXBuildFile; fileRef = 4C880FE818C15E3D00241954 /* PacktTests.m */; };
		4C880FF418C1669F00241954 /* PKTEventManager.m in Sources */ = {isa = PBXBuildFile; fileRef = 4C880FF318C1669F00241954 /* PKTEventManager.m */; };
		4C880FF618C16D5300241954 /* EventKit.framework in Frameworks */ = {isa = PBXBuildFile; fileRef = 4C880FF518C16D5300241954 /* EventKit.framework */; };
/* End PBXBuildFile section */

/* Begin PBXContainerItemProxy section */
		4C880FE018C15E3D00241954 /* PBXContainerItemProxy */ = {
			isa = PBXContainerItemProxy;
			containerPortal = 4C880FB218C15E3C00241954 /* Project object */;
			proxyType = 1;
			remoteGlobalIDString = 4C880FB918C15E3C00241954;
			remoteInfo = Packt;
		};
/* End PBXContainerItemProxy section */

/* Begin PBXFileReference section */
		4C880FBA18C15E3C00241954 /* Packt.app */ = {isa = PBXFileReference; explicitFileType = wrapper.application; includeInIndex = 0; path = Packt.app; sourceTree = BUILT_PRODUCTS_DIR; };
		4C880FBD18C15E3D00241954 /* Foundation.framework */ = {isa = PBXFileReference; lastKnownFileType = wrapper.framework; name = Foundation.framework; path = System/Library/Frameworks/Foundation.framework; sourceTree = SDKROOT; };
		4C880FBF18C15E3D00241954 /* CoreGraphics.framework */ = {isa = PBXFileReference; lastKnownFileType = wrapper.framework; name = CoreGraphics.framework; path = System/Library/Frameworks/CoreGraphics.framework; sourceTree = SDKROOT; };
		4C880FC118C15E3D00241954 /* UIKit.framework */ = {isa = PBXFileReference; lastKnownFileType = wrapper.framework; name = UIKit.framework; path = System/Library/Frameworks/UIKit.framework; sourceTree = SDKROOT; };
		4C880FC518C15E3D00241954 /* Packt-Info.plist */ = {isa = PBXFileReference; lastKnownFileType = text.plist.xml; path = "Packt-Info.plist"; sourceTree = "<group>"; };
		4C880FC718C15E3D00241954 /* en */ = {isa = PBXFileReference; lastKnownFileType = text.plist.strings; name = en; path = en.lproj/InfoPlist.strings; sourceTree = "<group>"; };
		4C880FC918C15E3D00241954 /* main.m */ = {isa = PBXFileReference; lastKnownFileType = sourcecode.c.objc; path = main.m; sourceTree = "<group>"; };
		4C880FCB18C15E3D00241954 /* Packt-Prefix.pch */ = {isa = PBXFileReference; lastKnownFileType = sourcecode.c.h; path = "Packt-Prefix.pch"; sourceTree = "<group>"; };
		4C880FCC18C15E3D00241954 /* PKTAppDelegate.h */ = {isa = PBXFileReference; lastKnownFileType = sourcecode.c.h; path = PKTAppDelegate.h; sourceTree = "<group>"; };
		4C880FCD18C15E3D00241954 /* PKTAppDelegate.m */ = {isa = PBXFileReference; lastKnownFileType = sourcecode.c.objc; path = PKTAppDelegate.m; sourceTree = "<group>"; };
		4C880FD018C15E3D00241954 /* Base */ = {isa = PBXFileReference; lastKnownFileType = file.storyboard; name = Base; path = Base.lproj/Main.storyboard; sourceTree = "<group>"; };
		4C880FD218C15E3D00241954 /* PKTViewController.h */ = {isa = PBXFileReference; lastKnownFileType = sourcecode.c.h; path = PKTViewController.h; sourceTree = "<group>"; };
		4C880FD318C15E3D00241954 /* PKTViewController.m */ = {isa = PBXFileReference; lastKnownFileType = sourcecode.c.objc; path = PKTViewController.m; sourceTree = "<group>"; };
		4C880FD518C15E3D00241954 /* Images.xcassets */ = {isa = PBXFileReference; lastKnownFileType = folder.assetcatalog; path = Images.xcassets; sourceTree = "<group>"; };
		4C880FDB18C15E3D00241954 /* PacktTests.xctest */ = {isa = PBXFileReference; explicitFileType = wrapper.cfbundle; includeInIndex = 0; path = PacktTests.xctest; sourceTree = BUILT_PRODUCTS_DIR; };
		4C880FDC18C15E3D00241954 /* XCTest.framework */ = {isa = PBXFileReference; lastKnownFileType = wrapper.framework; name = XCTest.framework; path = Library/Frameworks/XCTest.framework; sourceTree = DEVELOPER_DIR; };
		4C880FE418C15E3D00241954 /* PacktTests-Info.plist */ = {isa = PBXFileReference; lastKnownFileType = text.plist.xml; path = "PacktTests-Info.plist"; sourceTree = "<group>"; };
		4C880FE618C15E3D00241954 /* en */ = {isa = PBXFileReference; lastKnownFileType = text.plist.strings; name = en; path = en.lproj/InfoPlist.strings; sourceTree = "<group>"; };
		4C880FE818C15E3D00241954 /* PacktTests.m */ = {isa = PBXFileReference; lastKnownFileType = sourcecode.c.objc; path = PacktTests.m; sourceTree = "<group>"; };
		4C880FF218C1669F00241954 /* PKTEventManager.h */ = {isa = PBXFileReference; fileEncoding = 4; lastKnownFileType = sourcecode.c.h; path = PKTEventManager.h; sourceTree = "<group>"; };
		4C880FF318C1669F00241954 /* PKTEventManager.m */ = {isa = PBXFileReference; fileEncoding = 4; lastKnownFileType = sourcecode.c.objc; path = PKTEventManager.m; sourceTree = "<group>"; };
		4C880FF518C16D5300241954 /* EventKit.framework */ = {isa = PBXFileReference; lastKnownFileType = wrapper.framework; name = EventKit.framework; path = System/Library/Frameworks/EventKit.framework; sourceTree = SDKROOT; };
/* End PBXFileReference section */

/* Begin PBXFrameworksBuildPhase section */
		4C880FB718C15E3C00241954 /* Frameworks */ = {
			isa = PBXFrameworksBuildPhase;
			buildActionMask = 2147483647;
			files = (
				4C880FF618C16D5300241954 /* EventKit.framework in Frameworks */,
				4C880FC018C15E3D00241954 /* CoreGraphics.framework in Frameworks */,
				4C880FC218C15E3D00241954 /* UIKit.framework in Frameworks */,
				4C880FBE18C15E3D00241954 /* Foundation.framework in Frameworks */,
			);
			runOnlyForDeploymentPostprocessing = 0;
		};
		4C880FD818C15E3D00241954 /* Frameworks */ = {
			isa = PBXFrameworksBuildPhase;
			buildActionMask = 2147483647;
			files = (
				4C880FDD18C15E3D00241954 /* XCTest.framework in Frameworks */,
				4C880FDF18C15E3D00241954 /* UIKit.framework in Frameworks */,
				4C880FDE18C15E3D00241954 /* Foundation.framework in Frameworks */,
			);
			runOnlyForDeploymentPostprocessing = 0;
		};
/* End PBXFrameworksBuildPhase section */

/* Begin PBXGroup section */
		4C880FB118C15E3C00241954 = {
			isa = PBXGroup;
			children = (
				4C880FC318C15E3D00241954 /* Packt */,
				4C880FE218C15E3D00241954 /* PacktTests */,
				4C880FBC18C15E3C00241954 /* Frameworks */,
				4C880FBB18C15E3C00241954 /* Products */,
			);
			sourceTree = "<group>";
		};
		4C880FBB18C15E3C00241954 /* Products */ = {
			isa = PBXGroup;
			children = (
				4C880FBA18C15E3C00241954 /* Packt.app */,
				4C880FDB18C15E3D00241954 /* PacktTests.xctest */,
			);
			name = Products;
			sourceTree = "<group>";
		};
		4C880FBC18C15E3C00241954 /* Frameworks */ = {
			isa = PBXGroup;
			children = (
				4C880FF518C16D5300241954 /* EventKit.framework */,
				4C880FBD18C15E3D00241954 /* Foundation.framework */,
				4C880FBF18C15E3D00241954 /* CoreGraphics.framework */,
				4C880FC118C15E3D00241954 /* UIKit.framework */,
				4C880FDC18C15E3D00241954 /* XCTest.framework */,
			);
			name = Frameworks;
			sourceTree = "<group>";
		};
		4C880FC318C15E3D00241954 /* Packt */ = {
			isa = PBXGroup;
			children = (
				4C880FCC18C15E3D00241954 /* PKTAppDelegate.h */,
				4C880FCD18C15E3D00241954 /* PKTAppDelegate.m */,
				4C880FF218C1669F00241954 /* PKTEventManager.h */,
				4C880FF318C1669F00241954 /* PKTEventManager.m */,
				4C880FCF18C15E3D00241954 /* Main.storyboard */,
				4C880FD218C15E3D00241954 /* PKTViewController.h */,
				4C880FD318C15E3D00241954 /* PKTViewController.m */,
				4C880FD518C15E3D00241954 /* Images.xcassets */,
				4C880FC418C15E3D00241954 /* Supporting Files */,
			);
			path = Packt;
			sourceTree = "<group>";
		};
		4C880FC418C15E3D00241954 /* Supporting Files */ = {
			isa = PBXGroup;
			children = (
				4C880FC518C15E3D00241954 /* Packt-Info.plist */,
				4C880FC618C15E3D00241954 /* InfoPlist.strings */,
				4C880FC918C15E3D00241954 /* main.m */,
				4C880FCB18C15E3D00241954 /* Packt-Prefix.pch */,
			);
			name = "Supporting Files";
			sourceTree = "<group>";
		};
		4C880FE218C15E3D00241954 /* PacktTests */ = {
			isa = PBXGroup;
			children = (
				4C880FE818C15E3D00241954 /* PacktTests.m */,
				4C880FE318C15E3D00241954 /* Supporting Files */,
			);
			path = PacktTests;
			sourceTree = "<group>";
		};
		4C880FE318C15E3D00241954 /* Supporting Files */ = {
			isa = PBXGroup;
			children = (
				4C880FE418C15E3D00241954 /* PacktTests-Info.plist */,
				4C880FE518C15E3D00241954 /* InfoPlist.strings */,
			);
			name = "Supporting Files";
			sourceTree = "<group>";
		};
/* End PBXGroup section */

/* Begin PBXNativeTarget section */
		4C880FB918C15E3C00241954 /* Packt */ = {
			isa = PBXNativeTarget;
			buildConfigurationList = 4C880FEC18C15E3D00241954 /* Build configuration list for PBXNativeTarget "Packt" */;
			buildPhases = (
				4C880FB618C15E3C00241954 /* Sources */,
				4C880FB718C15E3C00241954 /* Frameworks */,
				4C880FB818C15E3C00241954 /* Resources */,
			);
			buildRules = (
			);
			dependencies = (
			);
			name = Packt;
			productName = Packt;
			productReference = 4C880FBA18C15E3C00241954 /* Packt.app */;
			productType = "com.apple.product-type.application";
		};
		4C880FDA18C15E3D00241954 /* PacktTests */ = {
			isa = PBXNativeTarget;
			buildConfigurationList = 4C880FEF18C15E3D00241954 /* Build configuration list for PBXNativeTarget "PacktTests" */;
			buildPhases = (
				4C880FD718C15E3D00241954 /* Sources */,
				4C880FD818C15E3D00241954 /* Frameworks */,
				4C880FD918C15E3D00241954 /* Resources */,
			);
			buildRules = (
			);
			dependencies = (
				4C880FE118C15E3D00241954 /* PBXTargetDependency */,
			);
			name = PacktTests;
			productName = PacktTests;
			productReference = 4C880FDB18C15E3D00241954 /* PacktTests.xctest */;
			productType = "com.apple.product-type.bundle.unit-test";
		};
/* End PBXNativeTarget section */

/* Begin PBXProject section */
		4C880FB218C15E3C00241954 /* Project object */ = {
			isa = PBXProject;
			attributes = {
				CLASSPREFIX = PKT;
				LastUpgradeCheck = 0500;
				ORGANIZATIONNAME = "Bert Muthalaly";
				TargetAttributes = {
					4C880FDA18C15E3D00241954 = {
						TestTargetID = 4C880FB918C15E3C00241954;
					};
				};
			};
			buildConfigurationList = 4C880FB518C15E3C00241954 /* Build configuration list for PBXProject "Packt" */;
			compatibilityVersion = "Xcode 3.2";
			developmentRegion = English;
			hasScannedForEncodings = 0;
			knownRegions = (
				en,
				Base,
			);
			mainGroup = 4C880FB118C15E3C00241954;
			productRefGroup = 4C880FBB18C15E3C00241954 /* Products */;
			projectDirPath = "";
			projectRoot = "";
			targets = (
				4C880FB918C15E3C00241954 /* Packt */,
				4C880FDA18C15E3D00241954 /* PacktTests */,
			);
		};
/* End PBXProject section */

/* Begin PBXResourcesBuildPhase section */
		4C880FB818C15E3C00241954 /* Resources */ = {
			isa = PBXResourcesBuildPhase;
			buildActionMask = 2147483647;
			files = (
				4C880FD618C15E3D00241954 /* Images.xcassets in Resources */,
				4C880FC818C15E3D00241954 /* InfoPlist.strings in Resources */,
				4C880FD118C15E3D00241954 /* Main.storyboard in Resources */,
			);
			runOnlyForDeploymentPostprocessing = 0;
		};
		4C880FD918C15E3D00241954 /* Resources */ = {
			isa = PBXResourcesBuildPhase;
			buildActionMask = 2147483647;
			files = (
				4C880FE718C15E3D00241954 /* InfoPlist.strings in Resources */,
			);
			runOnlyForDeploymentPostprocessing = 0;
		};
/* End PBXResourcesBuildPhase section */

/* Begin PBXSourcesBuildPhase section */
		4C880FB618C15E3C00241954 /* Sources */ = {
			isa = PBXSourcesBuildPhase;
			buildActionMask = 2147483647;
			files = (
				4C880FF418C1669F00241954 /* PKTEventManager.m in Sources */,
				4C880FD418C15E3D00241954 /* PKTViewController.m in Sources */,
				4C880FCE18C15E3D00241954 /* PKTAppDelegate.m in Sources */,
				4C880FCA18C15E3D00241954 /* main.m in Sources */,
			);
			runOnlyForDeploymentPostprocessing = 0;
		};
		4C880FD718C15E3D00241954 /* Sources */ = {
			isa = PBXSourcesBuildPhase;
			buildActionMask = 2147483647;
			files = (
				4C880FE918C15E3D00241954 /* PacktTests.m in Sources */,
			);
			runOnlyForDeploymentPostprocessing = 0;
		};
/* End PBXSourcesBuildPhase section */

/* Begin PBXTargetDependency section */
		4C880FE118C15E3D00241954 /* PBXTargetDependency */ = {
			isa = PBXTargetDependency;
			target = 4C880FB918C15E3C00241954 /* Packt */;
			targetProxy = 4C880FE018C15E3D00241954 /* PBXContainerItemProxy */;
		};
/* End PBXTargetDependency section */

/* Begin PBXVariantGroup section */
		4C880FC618C15E3D00241954 /* InfoPlist.strings */ = {
			isa = PBXVariantGroup;
			children = (
				4C880FC718C15E3D00241954 /* en */,
			);
			name = InfoPlist.strings;
			sourceTree = "<group>";
		};
		4C880FCF18C15E3D00241954 /* Main.storyboard */ = {
			isa = PBXVariantGroup;
			children = (
				4C880FD018C15E3D00241954 /* Base */,
			);
			name = Main.storyboard;
			sourceTree = "<group>";
		};
		4C880FE518C15E3D00241954 /* InfoPlist.strings */ = {
			isa = PBXVariantGroup;
			children = (
				4C880FE618C15E3D00241954 /* en */,
			);
			name = InfoPlist.strings;
			sourceTree = "<group>";
		};
/* End PBXVariantGroup section */

/* Begin XCBuildConfiguration section */
		4C880FEA18C15E3D00241954 /* Debug */ = {
			isa = XCBuildConfiguration;
			buildSettings = {
				ALWAYS_SEARCH_USER_PATHS = NO;
				ARCHS = "$(ARCHS_STANDARD_INCLUDING_64_BIT)";
				CLANG_CXX_LANGUAGE_STANDARD = "gnu++0x";
				CLANG_CXX_LIBRARY = "libc++";
				CLANG_ENABLE_MODULES = YES;
				CLANG_ENABLE_OBJC_ARC = YES;
				CLANG_WARN_BOOL_CONVERSION = YES;
				CLANG_WARN_CONSTANT_CONVERSION = YES;
				CLANG_WARN_DIRECT_OBJC_ISA_USAGE = YES_ERROR;
				CLANG_WARN_EMPTY_BODY = YES;
				CLANG_WARN_ENUM_CONVERSION = YES;
				CLANG_WARN_INT_CONVERSION = YES;
				CLANG_WARN_OBJC_ROOT_CLASS = YES_ERROR;
				CLANG_WARN__DUPLICATE_METHOD_MATCH = YES;
				"CODE_SIGN_IDENTITY[sdk=iphoneos*]" = "iPhone Developer";
				COPY_PHASE_STRIP = NO;
				GCC_C_LANGUAGE_STANDARD = gnu99;
				GCC_DYNAMIC_NO_PIC = NO;
				GCC_OPTIMIZATION_LEVEL = 0;
				GCC_PREPROCESSOR_DEFINITIONS = (
					"DEBUG=1",
					"$(inherited)",
				);
				GCC_SYMBOLS_PRIVATE_EXTERN = NO;
				GCC_WARN_64_TO_32_BIT_CONVERSION = YES;
				GCC_WARN_ABOUT_RETURN_TYPE = YES_ERROR;
				GCC_WARN_UNDECLARED_SELECTOR = YES;
				GCC_WARN_UNINITIALIZED_AUTOS = YES;
				GCC_WARN_UNUSED_FUNCTION = YES;
				GCC_WARN_UNUSED_VARIABLE = YES;
				IPHONEOS_DEPLOYMENT_TARGET = 7.0;
				ONLY_ACTIVE_ARCH = YES;
				SDKROOT = iphoneos;
			};
			name = Debug;
		};
		4C880FEB18C15E3D00241954 /* Release */ = {
			isa = XCBuildConfiguration;
			buildSettings = {
				ALWAYS_SEARCH_USER_PATHS = NO;
				ARCHS = "$(ARCHS_STANDARD_INCLUDING_64_BIT)";
				CLANG_CXX_LANGUAGE_STANDARD = "gnu++0x";
				CLANG_CXX_LIBRARY = "libc++";
				CLANG_ENABLE_MODULES = YES;
				CLANG_ENABLE_OBJC_ARC = YES;
				CLANG_WARN_BOOL_CONVERSION = YES;
				CLANG_WARN_CONSTANT_CONVERSION = YES;
				CLANG_WARN_DIRECT_OBJC_ISA_USAGE = YES_ERROR;
				CLANG_WARN_EMPTY_BODY = YES;
				CLANG_WARN_ENUM_CONVERSION = YES;
				CLANG_WARN_INT_CONVERSION = YES;
				CLANG_WARN_OBJC_ROOT_CLASS = YES_ERROR;
				CLANG_WARN__DUPLICATE_METHOD_MATCH = YES;
				"CODE_SIGN_IDENTITY[sdk=iphoneos*]" = "iPhone Developer";
				COPY_PHASE_STRIP = YES;
				ENABLE_NS_ASSERTIONS = NO;
				GCC_C_LANGUAGE_STANDARD = gnu99;
				GCC_WARN_64_TO_32_BIT_CONVERSION = YES;
				GCC_WARN_ABOUT_RETURN_TYPE = YES_ERROR;
				GCC_WARN_UNDECLARED_SELECTOR = YES;
				GCC_WARN_UNINITIALIZED_AUTOS = YES;
				GCC_WARN_UNUSED_FUNCTION = YES;
				GCC_WARN_UNUSED_VARIABLE = YES;
				IPHONEOS_DEPLOYMENT_TARGET = 7.0;
				SDKROOT = iphoneos;
				VALIDATE_PRODUCT = YES;
			};
			name = Release;
		};
		4C880FED18C15E3D00241954 /* Debug */ = {
			isa = XCBuildConfiguration;
			buildSettings = {
				ASSETCATALOG_COMPILER_APPICON_NAME = AppIcon;
				ASSETCATALOG_COMPILER_LAUNCHIMAGE_NAME = LaunchImage;
				GCC_PRECOMPILE_PREFIX_HEADER = YES;
				GCC_PREFIX_HEADER = "Packt/Packt-Prefix.pch";
				INFOPLIST_FILE = "Packt/Packt-Info.plist";
				PRODUCT_NAME = "$(TARGET_NAME)";
				WRAPPER_EXTENSION = app;
			};
			name = Debug;
		};
		4C880FEE18C15E3D00241954 /* Release */ = {
			isa = XCBuildConfiguration;
			buildSettings = {
				ASSETCATALOG_COMPILER_APPICON_NAME = AppIcon;
				ASSETCATALOG_COMPILER_LAUNCHIMAGE_NAME = LaunchImage;
				GCC_PRECOMPILE_PREFIX_HEADER = YES;
				GCC_PREFIX_HEADER = "Packt/Packt-Prefix.pch";
				INFOPLIST_FILE = "Packt/Packt-Info.plist";
				PRODUCT_NAME = "$(TARGET_NAME)";
				WRAPPER_EXTENSION = app;
			};
			name = Release;
		};
		4C880FF018C15E3D00241954 /* Debug */ = {
			isa = XCBuildConfiguration;
			buildSettings = {
				ARCHS = "$(ARCHS_STANDARD_INCLUDING_64_BIT)";
				BUNDLE_LOADER = "$(BUILT_PRODUCTS_DIR)/Packt.app/Packt";
				FRAMEWORK_SEARCH_PATHS = (
					"$(SDKROOT)/Developer/Library/Frameworks",
					"$(inherited)",
					"$(DEVELOPER_FRAMEWORKS_DIR)",
				);
				GCC_PRECOMPILE_PREFIX_HEADER = YES;
				GCC_PREFIX_HEADER = "Packt/Packt-Prefix.pch";
				GCC_PREPROCESSOR_DEFINITIONS = (
					"DEBUG=1",
					"$(inherited)",
				);
				INFOPLIST_FILE = "PacktTests/PacktTests-Info.plist";
				PRODUCT_NAME = "$(TARGET_NAME)";
				TEST_HOST = "$(BUNDLE_LOADER)";
				WRAPPER_EXTENSION = xctest;
			};
			name = Debug;
		};
		4C880FF118C15E3D00241954 /* Release */ = {
			isa = XCBuildConfiguration;
			buildSettings = {
				ARCHS = "$(ARCHS_STANDARD_INCLUDING_64_BIT)";
				BUNDLE_LOADER = "$(BUILT_PRODUCTS_DIR)/Packt.app/Packt";
				FRAMEWORK_SEARCH_PATHS = (
					"$(SDKROOT)/Developer/Library/Frameworks",
					"$(inherited)",
					"$(DEVELOPER_FRAMEWORKS_DIR)",
				);
				GCC_PRECOMPILE_PREFIX_HEADER = YES;
				GCC_PREFIX_HEADER = "Packt/Packt-Prefix.pch";
				INFOPLIST_FILE = "PacktTests/PacktTests-Info.plist";
				PRODUCT_NAME = "$(TARGET_NAME)";
				TEST_HOST = "$(BUNDLE_LOADER)";
				WRAPPER_EXTENSION = xctest;
			};
			name = Release;
		};
/* End XCBuildConfiguration section */

/* Begin XCConfigurationList section */
		4C880FB518C15E3C00241954 /* Build configuration list for PBXProject "Packt" */ = {
			isa = XCConfigurationList;
			buildConfigurations = (
				4C880FEA18C15E3D00241954 /* Debug */,
				4C880FEB18C15E3D00241954 /* Release */,
			);
			defaultConfigurationIsVisible = 0;
			defaultConfigurationName = Release;
		};
		4C880FEC18C15E3D00241954 /* Build configuration list for PBXNativeTarget "Packt" */ = {
			isa = XCConfigurationList;
			buildConfigurations = (
				4C880FED18C15E3D00241954 /* Debug */,
				4C880FEE18C15E3D00241954 /* Release */,
			);
			defaultConfigurationIsVisible = 0;
		};
		4C880FEF18C15E3D00241954 /* Build configuration list for PBXNativeTarget "PacktTests" */ = {
			isa = XCConfigurationList;
			buildConfigurations = (
				4C880FF018C15E3D00241954 /* Debug */,
				4C880FF118C15E3D00241954 /* Release */,
			);
			defaultConfigurationIsVisible = 0;
		};
/* End XCConfigurationList section */
	};
	rootObject = 4C880FB218C15E3C00241954 /* Project object */;
}
